
Microsoft Visual Studio Solution File, Format Version 12.00
# Visual Studio 15
VisualStudioVersion = 15.0.28307.329
MinimumVisualStudioVersion = 10.0.40219.1
Project("{F184B08F-C81C-45F6-A57F-5ABD9991F28F}") = "ComicBookGallery", "ComicBookGallery\ComicBookGallery.vbproj", "{3D6C548C-B761-469D-9EDB-4D0DB1763A01}"
EndProject
Global
	GlobalSection(SolutionConfigurationPlatforms) = preSolution
		Debug|Any CPU = Debug|Any CPU
		Release|Any CPU = Release|Any CPU
	EndGlobalSection
	GlobalSection(ProjectConfigurationPlatforms) = postSolution
		{3D6C548C-B761-469D-9EDB-4D0DB1763A01}.Debug|Any CPU.ActiveCfg = Debug|Any CPU
		{3D6C548C-B761-469D-9EDB-4D0DB1763A01}.Debug|Any CPU.Build.0 = Debug|Any CPU
		{3D6C548C-B761-469D-9EDB-4D0DB1763A01}.Release|Any CPU.ActiveCfg = Release|Any CPU
		{3D6C548C-B761-469D-9EDB-4D0DB1763A01}.Release|Any CPU.Build.0 = Release|Any CPU
	EndGlobalSection
	GlobalSection(SolutionProperties) = preSolution
		HideSolutionNode = FALSE
	EndGlobalSection
	GlobalSection(ExtensibilityGlobals) = postSolution
		SolutionGuid = {B88A2B83-BDF9-4881-B86F-B514602E60FA}
	EndGlobalSection
EndGlobal
